
Microsoft Visual Studio Solution File, Format Version 12.00
# Visual Studio Version 16
VisualStudioVersion = 16.0.29613.14
MinimumVisualStudioVersion = 10.0.40219.1
Project("{FAE04EC0-301F-11D3-BF4B-00C04F79EFBC}") = "API2PYTHON", "API2PYTHON\API2PYTHON.csproj", "{A3BC6878-914D-4B8B-AC98-65F663D272D5}"
EndProject
Global
	GlobalSection(SolutionConfigurationPlatforms) = preSolution
		Debug|Any CPU = Debug|Any CPU
		Release|Any CPU = Release|Any CPU
	EndGlobalSection
	GlobalSection(ProjectConfigurationPlatforms) = postSolution
		{A3BC6878-914D-4B8B-AC98-65F663D272D5}.Debug|Any CPU.ActiveCfg = Debug|Any CPU
		{A3BC6878-914D-4B8B-AC98-65F663D272D5}.Debug|Any CPU.Build.0 = Debug|Any CPU
		{A3BC6878-914D-4B8B-AC98-65F663D272D5}.Release|Any CPU.ActiveCfg = Release|Any CPU
		{A3BC6878-914D-4B8B-AC98-65F663D272D5}.Release|Any CPU.Build.0 = Release|Any CPU
	EndGlobalSection
	GlobalSection(SolutionProperties) = preSolution
		HideSolutionNode = FALSE
	EndGlobalSection
	GlobalSection(ExtensibilityGlobals) = postSolution
		SolutionGuid = {C7FD8A26-38F8-424C-BC7A-CCA5DDEEFAB1}
	EndGlobalSection
EndGlobal
